
Microsoft Visual Studio Solution File, Format Version 12.00
# Visual Studio Version 16
VisualStudioVersion = 16.0.32407.337
MinimumVisualStudioVersion = 10.0.40219.1
Project("{FAE04EC0-301F-11D3-BF4B-00C04F79EFBC}") = "TestTasks 1", "TestTasks 1\TestTasks 1.csproj", "{3BAACB73-FCB2-49C5-80EE-E3C64D261752}"
EndProject
Global
	GlobalSection(SolutionConfigurationPlatforms) = preSolution
		Debug|Any CPU = Debug|Any CPU
		Release|Any CPU = Release|Any CPU
	EndGlobalSection
	GlobalSection(ProjectConfigurationPlatforms) = postSolution
		{3BAACB73-FCB2-49C5-80EE-E3C64D261752}.Debug|Any CPU.ActiveCfg = Debug|Any CPU
		{3BAACB73-FCB2-49C5-80EE-E3C64D261752}.Debug|Any CPU.Build.0 = Debug|Any CPU
		{3BAACB73-FCB2-49C5-80EE-E3C64D261752}.Release|Any CPU.ActiveCfg = Release|Any CPU
		{3BAACB73-FCB2-49C5-80EE-E3C64D261752}.Release|Any CPU.Build.0 = Release|Any CPU
	EndGlobalSection
	GlobalSection(SolutionProperties) = preSolution
		HideSolutionNode = FALSE
	EndGlobalSection
	GlobalSection(ExtensibilityGlobals) = postSolution
		SolutionGuid = {477C672F-534B-402F-A738-28544F8B122B}
	EndGlobalSection
EndGlobal
